// !$*UTF8*$!
{
	archiveVersion = 1;
	classes = {
	};
	objectVersion = 51;
	objects = {

/* Begin PBXBuildFile section */
		311AA9E9333E00B329D2EAE3 /* Pods_Example.framework in Frameworks */ = {isa = PBXBuildFile; fileRef = 370B215AE1DE1EF1F3CF7D71 /* Pods_Example.framework */; };
		6840F46C24274BB4002A93C5 /* AppDelegate.swift in Sources */ = {isa = PBXBuildFile; fileRef = 6840F46B24274BB4002A93C5 /* AppDelegate.swift */; };
		6840F46E24274BB4002A93C5 /* SceneDelegate.swift in Sources */ = {isa = PBXBuildFile; fileRef = 6840F46D24274BB4002A93C5 /* SceneDelegate.swift */; };
		6840F47024274BB4002A93C5 /* ViewController.swift in Sources */ = {isa = PBXBuildFile; fileRef = 6840F46F24274BB4002A93C5 /* ViewController.swift */; };
		6840F47324274BB4002A93C5 /* Main.storyboard in Resources */ = {isa = PBXBuildFile; fileRef = 6840F47124274BB4002A93C5 /* Main.storyboard */; };
		6840F47524274BB6002A93C5 /* Assets.xcassets in Resources */ = {isa = PBXBuildFile; fileRef = 6840F47424274BB6002A93C5 /* Assets.xcassets */; };
		6840F47824274BB6002A93C5 /* LaunchScreen.storyboard in Resources */ = {isa = PBXBuildFile; fileRef = 6840F47624274BB6002A93C5 /* LaunchScreen.storyboard */; };
		6840F48324274BB6002A93C5 /* ExampleTests.swift in Sources */ = {isa = PBXBuildFile; fileRef = 6840F48224274BB6002A93C5 /* ExampleTests.swift */; };
		6840F48E24274BB6002A93C5 /* ExampleUITests.swift in Sources */ = {isa = PBXBuildFile; fileRef = 6840F48D24274BB6002A93C5 /* ExampleUITests.swift */; };
		6840F49C24274C84002A93C5 /* DemoViewController.swift in Sources */ = {isa = PBXBuildFile; fileRef = 6840F49B24274C84002A93C5 /* DemoViewController.swift */; };
/* End PBXBuildFile section */

/* Begin PBXContainerItemProxy section */
		6840F47F24274BB6002A93C5 /* PBXContainerItemProxy */ = {
			isa = PBXContainerItemProxy;
			containerPortal = 6840F46024274BB4002A93C5 /* Project object */;
			proxyType = 1;
			remoteGlobalIDString = 6840F46724274BB4002A93C5;
			remoteInfo = Example;
		};
		6840F48A24274BB6002A93C5 /* PBXContainerItemProxy */ = {
			isa = PBXContainerItemProxy;
			containerPortal = 6840F46024274BB4002A93C5 /* Project object */;
			proxyType = 1;
			remoteGlobalIDString = 6840F46724274BB4002A93C5;
			remoteInfo = Example;
		};
/* End PBXContainerItemProxy section */

/* Begin PBXFileReference section */
		370B215AE1DE1EF1F3CF7D71 /* Pods_Example.framework */ = {isa = PBXFileReference; explicitFileType = wrapper.framework; includeInIndex = 0; path = Pods_Example.framework; sourceTree = BUILT_PRODUCTS_DIR; };
		6840F46824274BB4002A93C5 /* Example.app */ = {isa = PBXFileReference; explicitFileType = wrapper.application; includeInIndex = 0; path = Example.app; sourceTree = BUILT_PRODUCTS_DIR; };
		6840F46B24274BB4002A93C5 /* AppDelegate.swift */ = {isa = PBXFileReference; lastKnownFileType = sourcecode.swift; path = AppDelegate.swift; sourceTree = "<group>"; };
		6840F46D24274BB4002A93C5 /* SceneDelegate.swift */ = {isa = PBXFileReference; lastKnownFileType = sourcecode.swift; path = SceneDelegate.swift; sourceTree = "<group>"; };
		6840F46F24274BB4002A93C5 /* ViewController.swift */ = {isa = PBXFileReference; lastKnownFileType = sourcecode.swift; path = ViewController.swift; sourceTree = "<group>"; };
		6840F47224274BB4002A93C5 /* Base */ = {isa = PBXFileReference; lastKnownFileType = file.storyboard; name = Base; path = Base.lproj/Main.storyboard; sourceTree = "<group>"; };
		6840F47424274BB6002A93C5 /* Assets.xcassets */ = {isa = PBXFileReference; lastKnownFileType = folder.assetcatalog; path = Assets.xcassets; sourceTree = "<group>"; };
		6840F47724274BB6002A93C5 /* Base */ = {isa = PBXFileReference; lastKnownFileType = file.storyboard; name = Base; path = Base.lproj/LaunchScreen.storyboard; sourceTree = "<group>"; };
		6840F47924274BB6002A93C5 /* Info.plist */ = {isa = PBXFileReference; lastKnownFileType = text.plist.xml; path = Info.plist; sourceTree = "<group>"; };
		6840F47E24274BB6002A93C5 /* ExampleTests.xctest */ = {isa = PBXFileReference; explicitFileType = wrapper.cfbundle; includeInIndex = 0; path = ExampleTests.xctest; sourceTree = BUILT_PRODUCTS_DIR; };
		6840F48224274BB6002A93C5 /* ExampleTests.swift */ = {isa = PBXFileReference; lastKnownFileType = sourcecode.swift; path = ExampleTests.swift; sourceTree = "<group>"; };
		6840F48424274BB6002A93C5 /* Info.plist */ = {isa = PBXFileReference; lastKnownFileType = text.plist.xml; path = Info.plist; sourceTree = "<group>"; };
		6840F48924274BB6002A93C5 /* ExampleUITests.xctest */ = {isa = PBXFileReference; explicitFileType = wrapper.cfbundle; includeInIndex = 0; path = ExampleUITests.xctest; sourceTree = BUILT_PRODUCTS_DIR; };
		6840F48D24274BB6002A93C5 /* ExampleUITests.swift */ = {isa = PBXFileReference; lastKnownFileType = sourcecode.swift; path = ExampleUITests.swift; sourceTree = "<group>"; };
		6840F48F24274BB6002A93C5 /* Info.plist */ = {isa = PBXFileReference; lastKnownFileType = text.plist.xml; path = Info.plist; sourceTree = "<group>"; };
		6840F49B24274C84002A93C5 /* DemoViewController.swift */ = {isa = PBXFileReference; lastKnownFileType = sourcecode.swift; path = DemoViewController.swift; sourceTree = "<group>"; };
		DED4464E1D561F7FFFD8BE87 /* Pods-Example.release.xcconfig */ = {isa = PBXFileReference; includeInIndex = 1; lastKnownFileType = text.xcconfig; name = "Pods-Example.release.xcconfig"; path = "Target Support Files/Pods-Example/Pods-Example.release.xcconfig"; sourceTree = "<group>"; };
		EC9C8CCC7E8A79B909228D8D /* Pods-Example.debug.xcconfig */ = {isa = PBXFileReference; includeInIndex = 1; lastKnownFileType = text.xcconfig; name = "Pods-Example.debug.xcconfig"; path = "Target Support Files/Pods-Example/Pods-Example.debug.xcconfig"; sourceTree = "<group>"; };
/* End PBXFileReference section */

/* Begin PBXFrameworksBuildPhase section */
		6840F46524274BB4002A93C5 /* Frameworks */ = {
			isa = PBXFrameworksBuildPhase;
			buildActionMask = 2147483647;
			files = (
				311AA9E9333E00B329D2EAE3 /* Pods_Example.framework in Frameworks */,
			);
			runOnlyForDeploymentPostprocessing = 0;
		};
		6840F47B24274BB6002A93C5 /* Frameworks */ = {
			isa = PBXFrameworksBuildPhase;
			buildActionMask = 2147483647;
			files = (
			);
			runOnlyForDeploymentPostprocessing = 0;
		};
		6840F48624274BB6002A93C5 /* Frameworks */ = {
			isa = PBXFrameworksBuildPhase;
			buildActionMask = 2147483647;
			files = (
			);
			runOnlyForDeploymentPostprocessing = 0;
		};
/* End PBXFrameworksBuildPhase section */

/* Begin PBXGroup section */
		318234C2848920AEC366BC7E /* Pods */ = {
			isa = PBXGroup;
			children = (
				EC9C8CCC7E8A79B909228D8D /* Pods-Example.debug.xcconfig */,
				DED4464E1D561F7FFFD8BE87 /* Pods-Example.release.xcconfig */,
			);
			path = Pods;
			sourceTree = "<group>";
		};
		6840F45F24274BB4002A93C5 = {
			isa = PBXGroup;
			children = (
				6840F46A24274BB4002A93C5 /* Example */,
				6840F48124274BB6002A93C5 /* ExampleTests */,
				6840F48C24274BB6002A93C5 /* ExampleUITests */,
				6840F46924274BB4002A93C5 /* Products */,
				318234C2848920AEC366BC7E /* Pods */,
				75EEFB6324E5891D4BA79572 /* Frameworks */,
			);
			sourceTree = "<group>";
		};
		6840F46924274BB4002A93C5 /* Products */ = {
			isa = PBXGroup;
			children = (
				6840F46824274BB4002A93C5 /* Example.app */,
				6840F47E24274BB6002A93C5 /* ExampleTests.xctest */,
				6840F48924274BB6002A93C5 /* ExampleUITests.xctest */,
			);
			name = Products;
			sourceTree = "<group>";
		};
		6840F46A24274BB4002A93C5 /* Example */ = {
			isa = PBXGroup;
			children = (
				6840F46B24274BB4002A93C5 /* AppDelegate.swift */,
				6840F46D24274BB4002A93C5 /* SceneDelegate.swift */,
				6840F46F24274BB4002A93C5 /* ViewController.swift */,
				6840F49B24274C84002A93C5 /* DemoViewController.swift */,
				6840F47124274BB4002A93C5 /* Main.storyboard */,
				6840F47424274BB6002A93C5 /* Assets.xcassets */,
				6840F47624274BB6002A93C5 /* LaunchScreen.storyboard */,
				6840F47924274BB6002A93C5 /* Info.plist */,
			);
			path = Example;
			sourceTree = "<group>";
		};
		6840F48124274BB6002A93C5 /* ExampleTests */ = {
			isa = PBXGroup;
			children = (
				6840F48224274BB6002A93C5 /* ExampleTests.swift */,
				6840F48424274BB6002A93C5 /* Info.plist */,
			);
			path = ExampleTests;
			sourceTree = "<group>";
		};
		6840F48C24274BB6002A93C5 /* ExampleUITests */ = {
			isa = PBXGroup;
			children = (
				6840F48D24274BB6002A93C5 /* ExampleUITests.swift */,
				6840F48F24274BB6002A93C5 /* Info.plist */,
			);
			path = ExampleUITests;
			sourceTree = "<group>";
		};
		75EEFB6324E5891D4BA79572 /* Frameworks */ = {
			isa = PBXGroup;
			children = (
				370B215AE1DE1EF1F3CF7D71 /* Pods_Example.framework */,
			);
			name = Frameworks;
			sourceTree = "<group>";
		};
/* End PBXGroup section */

/* Begin PBXNativeTarget section */
		6840F46724274BB4002A93C5 /* Example */ = {
			isa = PBXNativeTarget;
			buildConfigurationList = 6840F49224274BB6002A93C5 /* Build configuration list for PBXNativeTarget "Example" */;
			buildPhases = (
				BE100E27A9C454A7A4CF77BD /* [CP] Check Pods Manifest.lock */,
				6840F46424274BB4002A93C5 /* Sources */,
				6840F46524274BB4002A93C5 /* Frameworks */,
				6840F46624274BB4002A93C5 /* Resources */,
				65F73816A85B924683460E8F /* [CP] Embed Pods Frameworks */,
			);
			buildRules = (
			);
			dependencies = (
			);
			name = Example;
			productName = Example;
			productReference = 6840F46824274BB4002A93C5 /* Example.app */;
			productType = "com.apple.product-type.application";
		};
		6840F47D24274BB6002A93C5 /* ExampleTests */ = {
			isa = PBXNativeTarget;
			buildConfigurationList = 6840F49524274BB6002A93C5 /* Build configuration list for PBXNativeTarget "ExampleTests" */;
			buildPhases = (
				6840F47A24274BB6002A93C5 /* Sources */,
				6840F47B24274BB6002A93C5 /* Frameworks */,
				6840F47C24274BB6002A93C5 /* Resources */,
			);
			buildRules = (
			);
			dependencies = (
				6840F48024274BB6002A93C5 /* PBXTargetDependency */,
			);
			name = ExampleTests;
			productName = ExampleTests;
			productReference = 6840F47E24274BB6002A93C5 /* ExampleTests.xctest */;
			productType = "com.apple.product-type.bundle.unit-test";
		};
		6840F48824274BB6002A93C5 /* ExampleUITests */ = {
			isa = PBXNativeTarget;
			buildConfigurationList = 6840F49824274BB6002A93C5 /* Build configuration list for PBXNativeTarget "ExampleUITests" */;
			buildPhases = (
				6840F48524274BB6002A93C5 /* Sources */,
				6840F48624274BB6002A93C5 /* Frameworks */,
				6840F48724274BB6002A93C5 /* Resources */,
			);
			buildRules = (
			);
			dependencies = (
				6840F48B24274BB6002A93C5 /* PBXTargetDependency */,
			);
			name = ExampleUITests;
			productName = ExampleUITests;
			productReference = 6840F48924274BB6002A93C5 /* ExampleUITests.xctest */;
			productType = "com.apple.product-type.bundle.ui-testing";
		};
/* End PBXNativeTarget section */

/* Begin PBXProject section */
		6840F46024274BB4002A93C5 /* Project object */ = {
			isa = PBXProject;
			attributes = {
				LastSwiftUpdateCheck = 1130;
				LastUpgradeCheck = 1130;
				ORGANIZATIONNAME = JunMing;
				TargetAttributes = {
					6840F46724274BB4002A93C5 = {
						CreatedOnToolsVersion = 11.3;
					};
					6840F47D24274BB6002A93C5 = {
						CreatedOnToolsVersion = 11.3;
						TestTargetID = 6840F46724274BB4002A93C5;
					};
					6840F48824274BB6002A93C5 = {
						CreatedOnToolsVersion = 11.3;
						TestTargetID = 6840F46724274BB4002A93C5;
					};
				};
			};
			buildConfigurationList = 6840F46324274BB4002A93C5 /* Build configuration list for PBXProject "Example" */;
			compatibilityVersion = "Xcode 9.3";
			developmentRegion = en;
			hasScannedForEncodings = 0;
			knownRegions = (
				en,
				Base,
			);
			mainGroup = 6840F45F24274BB4002A93C5;
			productRefGroup = 6840F46924274BB4002A93C5 /* Products */;
			projectDirPath = "";
			projectRoot = "";
			targets = (
				6840F46724274BB4002A93C5 /* Example */,
				6840F47D24274BB6002A93C5 /* ExampleTests */,
				6840F48824274BB6002A93C5 /* ExampleUITests */,
			);
		};
/* End PBXProject section */

/* Begin PBXResourcesBuildPhase section */
		6840F46624274BB4002A93C5 /* Resources */ = {
			isa = PBXResourcesBuildPhase;
			buildActionMask = 2147483647;
			files = (
				6840F47824274BB6002A93C5 /* LaunchScreen.storyboard in Resources */,
				6840F47524274BB6002A93C5 /* Assets.xcassets in Resources */,
				6840F47324274BB4002A93C5 /* Main.storyboard in Resources */,
			);
			runOnlyForDeploymentPostprocessing = 0;
		};
		6840F47C24274BB6002A93C5 /* Resources */ = {
			isa = PBXResourcesBuildPhase;
			buildActionMask = 2147483647;
			files = (
			);
			runOnlyForDeploymentPostprocessing = 0;
		};
		6840F48724274BB6002A93C5 /* Resources */ = {
			isa = PBXResourcesBuildPhase;
			buildActionMask = 2147483647;
			files = (
			);
			runOnlyForDeploymentPostprocessing = 0;
		};
/* End PBXResourcesBuildPhase section */

/* Begin PBXShellScriptBuildPhase section */
		65F73816A85B924683460E8F /* [CP] Embed Pods Frameworks */ = {
			isa = PBXShellScriptBuildPhase;
			buildActionMask = 2147483647;
			files = (
			);
			inputFileListPaths = (
				"${PODS_ROOT}/Target Support Files/Pods-Example/Pods-Example-frameworks-${CONFIGURATION}-input-files.xcfilelist",
			);
			name = "[CP] Embed Pods Frameworks";
			outputFileListPaths = (
				"${PODS_ROOT}/Target Support Files/Pods-Example/Pods-Example-frameworks-${CONFIGURATION}-output-files.xcfilelist",
			);
			runOnlyForDeploymentPostprocessing = 0;
			shellPath = /bin/sh;
			shellScript = "\"${PODS_ROOT}/Target Support Files/Pods-Example/Pods-Example-frameworks.sh\"\n";
			showEnvVarsInLog = 0;
		};
		BE100E27A9C454A7A4CF77BD /* [CP] Check Pods Manifest.lock */ = {
			isa = PBXShellScriptBuildPhase;
			buildActionMask = 2147483647;
			files = (
			);
			inputFileListPaths = (
			);
			inputPaths = (
				"${PODS_PODFILE_DIR_PATH}/Podfile.lock",
				"${PODS_ROOT}/Manifest.lock",
			);
			name = "[CP] Check Pods Manifest.lock";
			outputFileListPaths = (
			);
			outputPaths = (
				"$(DERIVED_FILE_DIR)/Pods-Example-checkManifestLockResult.txt",
			);
			runOnlyForDeploymentPostprocessing = 0;
			shellPath = /bin/sh;
			shellScript = "diff \"${PODS_PODFILE_DIR_PATH}/Podfile.lock\" \"${PODS_ROOT}/Manifest.lock\" > /dev/null\nif [ $? != 0 ] ; then\n    # print error to STDERR\n    echo \"error: The sandbox is not in sync with the Podfile.lock. Run 'pod install' or update your CocoaPods installation.\" >&2\n    exit 1\nfi\n# This output is used by Xcode 'outputs' to avoid re-running this script phase.\necho \"SUCCESS\" > \"${SCRIPT_OUTPUT_FILE_0}\"\n";
			showEnvVarsInLog = 0;
		};
/* End PBXShellScriptBuildPhase section */

/* Begin PBXSourcesBuildPhase section */
		6840F46424274BB4002A93C5 /* Sources */ = {
			isa = PBXSourcesBuildPhase;
			buildActionMask = 2147483647;
			files = (
				6840F47024274BB4002A93C5 /* ViewController.swift in Sources */,
				6840F46C24274BB4002A93C5 /* AppDelegate.swift in Sources */,
				6840F46E24274BB4002A93C5 /* SceneDelegate.swift in Sources */,
				6840F49C24274C84002A93C5 /* DemoViewController.swift in Sources */,
			);
			runOnlyForDeploymentPostprocessing = 0;
		};
		6840F47A24274BB6002A93C5 /* Sources */ = {
			isa = PBXSourcesBuildPhase;
			buildActionMask = 2147483647;
			files = (
				6840F48324274BB6002A93C5 /* ExampleTests.swift in Sources */,
			);
			runOnlyForDeploymentPostprocessing = 0;
		};
		6840F48524274BB6002A93C5 /* Sources */ = {
			isa = PBXSourcesBuildPhase;
			buildActionMask = 2147483647;
			files = (
				6840F48E24274BB6002A93C5 /* ExampleUITests.swift in Sources */,
			);
			runOnlyForDeploymentPostprocessing = 0;
		};
/* End PBXSourcesBuildPhase section */

/* Begin PBXTargetDependency section */
		6840F48024274BB6002A93C5 /* PBXTargetDependency */ = {
			isa = PBXTargetDependency;
			target = 6840F46724274BB4002A93C5 /* Example */;
			targetProxy = 6840F47F24274BB6002A93C5 /* PBXContainerItemProxy */;
		};
		6840F48B24274BB6002A93C5 /* PBXTargetDependency */ = {
			isa = PBXTargetDependency;
			target = 6840F46724274BB4002A93C5 /* Example */;
			targetProxy = 6840F48A24274BB6002A93C5 /* PBXContainerItemProxy */;
		};
/* End PBXTargetDependency section */

/* Begin PBXVariantGroup section */
		6840F47124274BB4002A93C5 /* Main.storyboard */ = {
			isa = PBXVariantGroup;
			children = (
				6840F47224274BB4002A93C5 /* Base */,
			);
			name = Main.storyboard;
			sourceTree = "<group>";
		};
		6840F47624274BB6002A93C5 /* LaunchScreen.storyboard */ = {
			isa = PBXVariantGroup;
			children = (
				6840F47724274BB6002A93C5 /* Base */,
			);
			name = LaunchScreen.storyboard;
			sourceTree = "<group>";
		};
/* End PBXVariantGroup section */

/* Begin XCBuildConfiguration section */
		6840F49024274BB6002A93C5 /* Debug */ = {
			isa = XCBuildConfiguration;
			buildSettings = {
				ALWAYS_SEARCH_USER_PATHS = NO;
				CLANG_ANALYZER_NONNULL = YES;
				CLANG_ANALYZER_NUMBER_OBJECT_CONVERSION = YES_AGGRESSIVE;
				CLANG_CXX_LANGUAGE_STANDARD = "gnu++14";
				CLANG_CXX_LIBRARY = "libc++";
				CLANG_ENABLE_MODULES = YES;
				CLANG_ENABLE_OBJC_ARC = YES;
				CLANG_ENABLE_OBJC_WEAK = YES;
				CLANG_WARN_BLOCK_CAPTURE_AUTORELEASING = YES;
				CLANG_WARN_BOOL_CONVERSION = YES;
				CLANG_WARN_COMMA = YES;
				CLANG_WARN_CONSTANT_CONVERSION = YES;
				CLANG_WARN_DEPRECATED_OBJC_IMPLEMENTATIONS = YES;
				CLANG_WARN_DIRECT_OBJC_ISA_USAGE = YES_ERROR;
				CLANG_WARN_DOCUMENTATION_COMMENTS = YES;
				CLANG_WARN_EMPTY_BODY = YES;
				CLANG_WARN_ENUM_CONVERSION = YES;
				CLANG_WARN_INFINITE_RECURSION = YES;
				CLANG_WARN_INT_CONVERSION = YES;
				CLANG_WARN_NON_LITERAL_NULL_CONVERSION = YES;
				CLANG_WARN_OBJC_IMPLICIT_RETAIN_SELF = YES;
				CLANG_WARN_OBJC_LITERAL_CONVERSION = YES;
				CLANG_WARN_OBJC_ROOT_CLASS = YES_ERROR;
				CLANG_WARN_RANGE_LOOP_ANALYSIS = YES;
				CLANG_WARN_STRICT_PROTOTYPES = YES;
				CLANG_WARN_SUSPICIOUS_MOVE = YES;
				CLANG_WARN_UNGUARDED_AVAILABILITY = YES_AGGRESSIVE;
				CLANG_WARN_UNREACHABLE_CODE = YES;
				CLANG_WARN__DUPLICATE_METHOD_MATCH = YES;
				COPY_PHASE_STRIP = NO;
				DEBUG_INFORMATION_FORMAT = dwarf;
				ENABLE_STRICT_OBJC_MSGSEND = YES;
				ENABLE_TESTABILITY = YES;
				GCC_C_LANGUAGE_STANDARD = gnu11;
				GCC_DYNAMIC_NO_PIC = NO;
				GCC_NO_COMMON_BLOCKS = YES;
				GCC_OPTIMIZATION_LEVEL = 0;
				GCC_PREPROCESSOR_DEFINITIONS = (
					"DEBUG=1",
					"$(inherited)",
				);
				GCC_WARN_64_TO_32_BIT_CONVERSION = YES;
				GCC_WARN_ABOUT_RETURN_TYPE = YES_ERROR;
				GCC_WARN_UNDECLARED_SELECTOR = YES;
				GCC_WARN_UNINITIALIZED_AUTOS = YES_AGGRESSIVE;
				GCC_WARN_UNUSED_FUNCTION = YES;
				GCC_WARN_UNUSED_VARIABLE = YES;
				IPHONEOS_DEPLOYMENT_TARGET = 13.2;
				MTL_ENABLE_DEBUG_INFO = INCLUDE_SOURCE;
				MTL_FAST_MATH = YES;
				ONLY_ACTIVE_ARCH = YES;
				SDKROOT = iphoneos;
				SWIFT_ACTIVE_COMPILATION_CONDITIONS = DEBUG;
				SWIFT_OPTIMIZATION_LEVEL = "-Onone";
			};
			name = Debug;
		};
		6840F49124274BB6002A93C5 /* Release */ = {
			isa = XCBuildConfiguration;
			buildSettings = {
				ALWAYS_SEARCH_USER_PATHS = NO;
				CLANG_ANALYZER_NONNULL = YES;
				CLANG_ANALYZER_NUMBER_OBJECT_CONVERSION = YES_AGGRESSIVE;
				CLANG_CXX_LANGUAGE_STANDARD = "gnu++14";
				CLANG_CXX_LIBRARY = "libc++";
				CLANG_ENABLE_MODULES = YES;
				CLANG_ENABLE_OBJC_ARC = YES;
				CLANG_ENABLE_OBJC_WEAK = YES;
				CLANG_WARN_BLOCK_CAPTURE_AUTORELEASING = YES;
				CLANG_WARN_BOOL_CONVERSION = YES;
				CLANG_WARN_COMMA = YES;
				CLANG_WARN_CONSTANT_CONVERSION = YES;
				CLANG_WARN_DEPRECATED_OBJC_IMPLEMENTATIONS = YES;
				CLANG_WARN_DIRECT_OBJC_ISA_USAGE = YES_ERROR;
				CLANG_WARN_DOCUMENTATION_COMMENTS = YES;
				CLANG_WARN_EMPTY_BODY = YES;
				CLANG_WARN_ENUM_CONVERSION = YES;
				CLANG_WARN_INFINITE_RECURSION = YES;
				CLANG_WARN_INT_CONVERSION = YES;
				CLANG_WARN_NON_LITERAL_NULL_CONVERSION = YES;
				CLANG_WARN_OBJC_IMPLICIT_RETAIN_SELF = YES;
				CLANG_WARN_OBJC_LITERAL_CONVERSION = YES;
				CLANG_WARN_OBJC_ROOT_CLASS = YES_ERROR;
				CLANG_WARN_RANGE_LOOP_ANALYSIS = YES;
				CLANG_WARN_STRICT_PROTOTYPES = YES;
				CLANG_WARN_SUSPICIOUS_MOVE = YES;
				CLANG_WARN_UNGUARDED_AVAILABILITY = YES_AGGRESSIVE;
				CLANG_WARN_UNREACHABLE_CODE = YES;
				CLANG_WARN__DUPLICATE_METHOD_MATCH = YES;
				COPY_PHASE_STRIP = NO;
				DEBUG_INFORMATION_FORMAT = "dwarf-with-dsym";
				ENABLE_NS_ASSERTIONS = NO;
				ENABLE_STRICT_OBJC_MSGSEND = YES;
				GCC_C_LANGUAGE_STANDARD = gnu11;
				GCC_NO_COMMON_BLOCKS = YES;
				GCC_WARN_64_TO_32_BIT_CONVERSION = YES;
				GCC_WARN_ABOUT_RETURN_TYPE = YES_ERROR;
				GCC_WARN_UNDECLARED_SELECTOR = YES;
				GCC_WARN_UNINITIALIZED_AUTOS = YES_AGGRESSIVE;
				GCC_WARN_UNUSED_FUNCTION = YES;
				GCC_WARN_UNUSED_VARIABLE = YES;
				IPHONEOS_DEPLOYMENT_TARGET = 13.2;
				MTL_ENABLE_DEBUG_INFO = NO;
				MTL_FAST_MATH = YES;
				SDKROOT = iphoneos;
				SWIFT_COMPILATION_MODE = wholemodule;
				SWIFT_OPTIMIZATION_LEVEL = "-O";
				VALIDATE_PRODUCT = YES;
			};
			name = Release;
		};
		6840F49324274BB6002A93C5 /* Debug */ = {
			isa = XCBuildConfiguration;
			baseConfigurationReference = EC9C8CCC7E8A79B909228D8D /* Pods-Example.debug.xcconfig */;
			buildSettings = {
				ASSETCATALOG_COMPILER_APPICON_NAME = AppIcon;
				CODE_SIGN_STYLE = Automatic;
				DEVELOPMENT_TEAM = 48K328WFVJ;
				INFOPLIST_FILE = Example/Info.plist;
				IPHONEOS_DEPLOYMENT_TARGET = 13.2;
				LD_RUNPATH_SEARCH_PATHS = (
					"$(inherited)",
					"@executable_path/Frameworks",
				);
				PRODUCT_BUNDLE_IDENTIFIER = com.JunMing.Example;
				PRODUCT_NAME = "$(TARGET_NAME)";
				SWIFT_VERSION = 5.0;
				TARGETED_DEVICE_FAMILY = "1,2";
			};
			name = Debug;
		};
		6840F49424274BB6002A93C5 /* Release */ = {
			isa = XCBuildConfiguration;
			baseConfigurationReference = DED4464E1D561F7FFFD8BE87 /* Pods-Example.release.xcconfig */;
			buildSettings = {
				ASSETCATALOG_COMPILER_APPICON_NAME = AppIcon;
				CODE_SIGN_STYLE = Automatic;
				DEVELOPMENT_TEAM = 48K328WFVJ;
				INFOPLIST_FILE = Example/Info.plist;
				IPHONEOS_DEPLOYMENT_TARGET = 13.2;
				LD_RUNPATH_SEARCH_PATHS = (
					"$(inherited)",
					"@executable_path/Frameworks",
				);
				PRODUCT_BUNDLE_IDENTIFIER = com.JunMing.Example;
				PRODUCT_NAME = "$(TARGET_NAME)";
				SWIFT_VERSION = 5.0;
				TARGETED_DEVICE_FAMILY = "1,2";
			};
			name = Release;
		};
		6840F49624274BB6002A93C5 /* Debug */ = {
			isa = XCBuildConfiguration;
			buildSettings = {
				ALWAYS_EMBED_SWIFT_STANDARD_LIBRARIES = YES;
				BUNDLE_LOADER = "$(TEST_HOST)";
				CODE_SIGN_STYLE = Automatic;
				DEVELOPMENT_TEAM = 48K328WFVJ;
				INFOPLIST_FILE = ExampleTests/Info.plist;
				IPHONEOS_DEPLOYMENT_TARGET = 13.2;
				LD_RUNPATH_SEARCH_PATHS = (
					"$(inherited)",
					"@executable_path/Frameworks",
					"@loader_path/Frameworks",
				);
				PRODUCT_BUNDLE_IDENTIFIER = com.JunMing.ExampleTests;
				PRODUCT_NAME = "$(TARGET_NAME)";
				SWIFT_VERSION = 5.0;
				TARGETED_DEVICE_FAMILY = "1,2";
				TEST_HOST = "$(BUILT_PRODUCTS_DIR)/Example.app/Example";
			};
			name = Debug;
		};
		6840F49724274BB6002A93C5 /* Release */ = {
			isa = XCBuildConfiguration;
			buildSettings = {
				ALWAYS_EMBED_SWIFT_STANDARD_LIBRARIES = YES;
				BUNDLE_LOADER = "$(TEST_HOST)";
				CODE_SIGN_STYLE = Automatic;
				DEVELOPMENT_TEAM = 48K328WFVJ;
				INFOPLIST_FILE = ExampleTests/Info.plist;
				IPHONEOS_DEPLOYMENT_TARGET = 13.2;
				LD_RUNPATH_SEARCH_PATHS = (
					"$(inherited)",
					"@executable_path/Frameworks",
					"@loader_path/Frameworks",
				);
				PRODUCT_BUNDLE_IDENTIFIER = com.JunMing.ExampleTests;
				PRODUCT_NAME = "$(TARGET_NAME)";
				SWIFT_VERSION = 5.0;
				TARGETED_DEVICE_FAMILY = "1,2";
				TEST_HOST = "$(BUILT_PRODUCTS_DIR)/Example.app/Example";
			};
			name = Release;
		};
		6840F49924274BB6002A93C5 /* Debug */ = {
			isa = XCBuildConfiguration;
			buildSettings = {
				ALWAYS_EMBED_SWIFT_STANDARD_LIBRARIES = YES;
				CODE_SIGN_STYLE = Automatic;
				DEVELOPMENT_TEAM = 48K328WFVJ;
				INFOPLIST_FILE = ExampleUITests/Info.plist;
				LD_RUNPATH_SEARCH_PATHS = (
					"$(inherited)",
					"@executable_path/Frameworks",
					"@loader_path/Frameworks",
				);
				PRODUCT_BUNDLE_IDENTIFIER = com.JunMing.ExampleUITests;
				PRODUCT_NAME = "$(TARGET_NAME)";
				SWIFT_VERSION = 5.0;
				TARGETED_DEVICE_FAMILY = "1,2";
				TEST_TARGET_NAME = Example;
			};
			name = Debug;
		};
		6840F49A24274BB6002A93C5 /* Release */ = {
			isa = XCBuildConfiguration;
			buildSettings = {
				ALWAYS_EMBED_SWIFT_STANDARD_LIBRARIES = YES;
				CODE_SIGN_STYLE = Automatic;
				DEVELOPMENT_TEAM = 48K328WFVJ;
				INFOPLIST_FILE = ExampleUITests/Info.plist;
				LD_RUNPATH_SEARCH_PATHS = (
					"$(inherited)",
					"@executable_path/Frameworks",
					"@loader_path/Frameworks",
				);
				PRODUCT_BUNDLE_IDENTIFIER = com.JunMing.ExampleUITests;
				PRODUCT_NAME = "$(TARGET_NAME)";
				SWIFT_VERSION = 5.0;
				TARGETED_DEVICE_FAMILY = "1,2";
				TEST_TARGET_NAME = Example;
			};
			name = Release;
		};
/* End XCBuildConfiguration section */

/* Begin XCConfigurationList section */
		6840F46324274BB4002A93C5 /* Build configuration list for PBXProject "Example" */ = {
			isa = XCConfigurationList;
			buildConfigurations = (
				6840F49024274BB6002A93C5 /* Debug */,
				6840F49124274BB6002A93C5 /* Release */,
			);
			defaultConfigurationIsVisible = 0;
			defaultConfigurationName = Release;
		};
		6840F49224274BB6002A93C5 /* Build configuration list for PBXNativeTarget "Example" */ = {
			isa = XCConfigurationList;
			buildConfigurations = (
				6840F49324274BB6002A93C5 /* Debug */,
				6840F49424274BB6002A93C5 /* Release */,
			);
			defaultConfigurationIsVisible = 0;
			defaultConfigurationName = Release;
		};
		6840F49524274BB6002A93C5 /* Build configuration list for PBXNativeTarget "ExampleTests" */ = {
			isa = XCConfigurationList;
			buildConfigurations = (
				6840F49624274BB6002A93C5 /* Debug */,
				6840F49724274BB6002A93C5 /* Release */,
			);
			defaultConfigurationIsVisible = 0;
			defaultConfigurationName = Release;
		};
		6840F49824274BB6002A93C5 /* Build configuration list for PBXNativeTarget "ExampleUITests" */ = {
			isa = XCConfigurationList;
			buildConfigurations = (
				6840F49924274BB6002A93C5 /* Debug */,
				6840F49A24274BB6002A93C5 /* Release */,
			);
			defaultConfigurationIsVisible = 0;
			defaultConfigurationName = Release;
		};
/* End XCConfigurationList section */
	};
	rootObject = 6840F46024274BB4002A93C5 /* Project object */;
}
